{
  "version": 4,
  "terraform_version": "1.15.0",
  "serial": 117,
  "lineage": "bb53d911-6c30-aeb3-20ce-74675ac48483",
  "outputs": {},
  "resources": [
    {
      "mode": "managed",
      "type": "google_project_iam_member",
      "name": "ingestion_signer",
      "provider": "provider[\"registry.terraform.io/hashicorp/google\"]",
      "instances": [
        {
          "schema_version": 0,
          "attributes": {
            "condition": [],
            "etag": "BwZQ8vRiuL4=",
            "id": "superwizor-ai-25ecd/roles/iam.serviceAccountTokenCreator/serviceAccount:ingestion-svc@superwizor-ai-25ecd.iam.gserviceaccount.com",
            "member": "serviceAccount:ingestion-svc@superwizor-ai-25ecd.iam.gserviceaccount.com",
            "project": "superwizor-ai-25ecd",
            "role": "roles/iam.serviceAccountTokenCreator"
          },
          "sensitive_attributes": [],
          "identity_schema_version": 0,
          "private": "bnVsbA==",
          "dependencies": [
            "google_service_account.ingestion_svc"
          ]
        }
      ]
    },
    {
      "mode": "managed",
      "type": "google_service_account",
      "name": "ingestion_svc",
      "provider": "provider[\"registry.terraform.io/hashicorp/google\"]",
      "instances": [
        {
          "schema_version": 0,
          "attributes": {
            "account_id": "ingestion-svc",
            "create_ignore_already_exists": null,
            "description": "",
            "disabled": false,
            "display_name": "Ingestion Service SA",
            "email": "ingestion-svc@superwizor-ai-25ecd.iam.gserviceaccount.com",
            "id": "projects/superwizor-ai-25ecd/serviceAccounts/ingestion-svc@superwizor-ai-25ecd.iam.gserviceaccount.com",
            "member": "serviceAccount:ingestion-svc@superwizor-ai-25ecd.iam.gserviceaccount.com",
            "name": "projects/superwizor-ai-25ecd/serviceAccounts/ingestion-svc@superwizor-ai-25ecd.iam.gserviceaccount.com",
            "project": "superwizor-ai-25ecd",
            "timeouts": null,
            "unique_id": "115968647052380104615"
          },
          "sensitive_attributes": [],
          "identity_schema_version": 0,
          "private": "eyJlMmJmYjczMC1lY2FhLTExZTYtOGY4OC0zNDM2M2JjN2M0YzAiOnsiY3JlYXRlIjozMDAwMDAwMDAwMDB9LCJzY2hlbWFfdmVyc2lvbiI6IjAifQ=="
        }
      ]
    },
    {
      "mode": "managed",
      "type": "google_service_account",
      "name": "llm_worker",
      "provider": "provider[\"registry.terraform.io/hashicorp/google\"]",
      "instances": [
        {
          "schema_version": 0,
          "attributes": {
            "account_id": "llm-worker",
            "create_ignore_already_exists": null,
            "description": "",
            "disabled": false,
            "display_name": "LLM Worker SA",
            "email": "llm-worker@superwizor-ai-25ecd.iam.gserviceaccount.com",
            "id": "projects/superwizor-ai-25ecd/serviceAccounts/llm-worker@superwizor-ai-25ecd.iam.gserviceaccount.com",
            "member": "serviceAccount:llm-worker@superwizor-ai-25ecd.iam.gserviceaccount.com",
            "name": "projects/superwizor-ai-25ecd/serviceAccounts/llm-worker@superwizor-ai-25ecd.iam.gserviceaccount.com",
            "project": "superwizor-ai-25ecd",
            "timeouts": null,
            "unique_id": "106301996363130764114"
          },
          "sensitive_attributes": [],
          "identity_schema_version": 0,
          "private": "eyJlMmJmYjczMC1lY2FhLTExZTYtOGY4OC0zNDM2M2JjN2M0YzAiOnsiY3JlYXRlIjozMDAwMDAwMDAwMDB9LCJzY2hlbWFfdmVyc2lvbiI6IjAifQ=="
        }
      ]
    },
    {
      "mode": "managed",
      "type": "google_service_account",
      "name": "stt_worker",
      "provider": "provider[\"registry.terraform.io/hashicorp/google\"]",
      "instances": [
        {
          "schema_version": 0,
          "attributes": {
            "account_id": "stt-worker",
            "create_ignore_already_exists": null,
            "description": "",
            "disabled": false,
            "display_name": "STT Worker SA",
            "email": "stt-worker@superwizor-ai-25ecd.iam.gserviceaccount.com",
            "id": "projects/superwizor-ai-25ecd/serviceAccounts/stt-worker@superwizor-ai-25ecd.iam.gserviceaccount.com",
            "member": "serviceAccount:stt-worker@superwizor-ai-25ecd.iam.gserviceaccount.com",
            "name": "projects/superwizor-ai-25ecd/serviceAccounts/stt-worker@superwizor-ai-25ecd.iam.gserviceaccount.com",
            "project": "superwizor-ai-25ecd",
            "timeouts": null,
            "unique_id": "118097577937535086539"
          },
          "sensitive_attributes": [],
          "identity_schema_version": 0,
          "private": "eyJlMmJmYjczMC1lY2FhLTExZTYtOGY4OC0zNDM2M2JjN2M0YzAiOnsiY3JlYXRlIjozMDAwMDAwMDAwMDB9LCJzY2hlbWFfdmVyc2lvbiI6IjAifQ=="
        }
      ]
    },
    {
      "module": "module.audit_logs",
      "mode": "managed",
      "type": "google_project_iam_audit_config",
      "name": "all_services",
      "provider": "provider[\"registry.terraform.io/hashicorp/google\"]",
      "instances": [
        {
          "schema_version": 0,
          "attributes": {
            "audit_log_config": [
              {
                "exempted_members": [],
                "log_type": "ADMIN_READ"
              },
              {
                "exempted_members": [],
                "log_type": "DATA_READ"
              },
              {
                "exempted_members": [],
                "log_type": "DATA_WRITE"
              }
            ],
            "etag": "BwZQ8uYdaD4=",
            "id": "superwizor-ai-25ecd/audit_config/allServices",
            "project": "superwizor-ai-25ecd",
            "service": "allServices"
          },
          "sensitive_attributes": [],
          "identity_schema_version": 0,
          "private": "bnVsbA=="
        }
      ]
    },
    {
      "module": "module.cloud_sql",
      "mode": "managed",
      "type": "google_sql_database",
      "name": "app_db",
      "provider": "provider[\"registry.terraform.io/hashicorp/google\"]",
      "instances": [
        {
          "schema_version": 0,
          "attributes": {
            "charset": "UTF8",
            "collation": "en_US.UTF8",
            "deletion_policy": "DELETE",
            "id": "projects/superwizor-ai-25ecd/instances/superwizor-db-bc4c27de/databases/superwizor",
            "instance": "superwizor-db-bc4c27de",
            "name": "superwizor",
            "project": "superwizor-ai-25ecd",
            "self_link": "https://sqladmin.googleapis.com/sql/v1beta4/projects/superwizor-ai-25ecd/instances/superwizor-db-bc4c27de/databases/superwizor",
            "timeouts": null
          },
          "sensitive_attributes": [],
          "identity_schema_version": 0,
          "private": "eyJlMmJmYjczMC1lY2FhLTExZTYtOGY4OC0zNDM2M2JjN2M0YzAiOnsiY3JlYXRlIjoxMjAwMDAwMDAwMDAwLCJkZWxldGUiOjEyMDAwMDAwMDAwMDAsInVwZGF0ZSI6MTIwMDAwMDAwMDAwMH19",
          "dependencies": [
            "module.cloud_sql.google_sql_database_instance.main",
            "module.cloud_sql.random_id.db_name_suffix",
            "module.kms.data.google_storage_project_service_account.gcs_account",
            "module.kms.google_kms_crypto_key.app_data",
            "module.kms.google_kms_crypto_key.audio_bucket",
            "module.kms.google_kms_crypto_key.database",
            "module.kms.google_kms_crypto_key.secrets",
            "module.kms.google_kms_crypto_key_iam_member.cloud_sql_kms",
            "module.kms.google_kms_crypto_key_iam_member.storage_kms",
            "module.kms.google_kms_key_ring.main",
            "module.kms.google_project_service_identity.gcp_sa_cloud_sql",
            "module.vpc.google_compute_global_address.private_service_range",
            "module.vpc.google_compute_network.main",
            "module.vpc.google_compute_subnetwork.main",
            "module.vpc.google_service_networking_connection.private_vpc_connection",
            "module.vpc.google_vpc_access_connector.main"
          ]
        }
      ]
    },
    {
      "module": "module.cloud_sql",
      "mode": "managed",
      "type": "google_sql_database_instance",
      "name": "main",
      "provider": "provider[\"registry.terraform.io/hashicorp/google\"]",
      "instances": [
        {
          "schema_version": 0,
          "attributes": {
            "available_maintenance_versions": [],
            "clone": [],
            "connection_name": "superwizor-ai-25ecd:europe-central2:superwizor-db-bc4c27de",
            "database_version": "POSTGRES_16",
            "deletion_protection": false,
            "dns_name": "",
            "dns_names": [],
            "encryption_key_name": "projects/superwizor-ai-25ecd/locations/europe-central2/keyRings/superwizor-keyring/cryptoKeys/database-key",
            "first_ip_address": "34.116.252.147",
            "id": "superwizor-db-bc4c27de",
            "instance_type": "CLOUD_SQL_INSTANCE",
            "ip_address": [
              {
                "ip_address": "34.116.252.147",
                "time_to_retire": "",
                "type": "PRIMARY"
              },
              {
                "ip_address": "34.158.236.195",
                "time_to_retire": "",
                "type": "OUTGOING"
              },
              {
                "ip_address": "10.158.0.5",
                "time_to_retire": "",
                "type": "PRIVATE"
              }
            ],
            "maintenance_version": "POSTGRES_16_13.R20260319.00_11",
            "master_instance_name": "",
            "name": "superwizor-db-bc4c27de",
            "node_count": 0,
            "private_ip_address": "10.158.0.5",
            "project": "superwizor-ai-25ecd",
            "psc_service_attachment_link": "",
            "public_ip_address": "34.116.252.147",
            "region": "europe-central2",
            "replica_configuration": [],
            "replica_names": [],
            "replication_cluster": [
              {
                "dr_replica": false,
                "failover_dr_replica_name": "",
                "psa_write_endpoint": ""
              }
            ],
            "restore_backup_context": [],
            "root_password": null,
            "self_link": "https://sqladmin.googleapis.com/sql/v1beta4/projects/superwizor-ai-25ecd/instances/superwizor-db-bc4c27de",
            "server_ca_cert": [
              {
                "cert": "-----BEGIN CERTIFICATE-----\nMIIDcTCCAlmgAwIBAgIBADANBgkqhkiG9w0BAQsFADBwMS0wKwYDVQQuEyQ3N2Jk\nNzlhZC03YzI2LTQ2ODAtYTE4OS00NjBmODkzYWJiNTExHDAaBgNVBAMTE0Nsb3Vk\nIFNRTCBTZXJ2ZXIgQ0ExFDASBgNVBAoTC0dvb2dsZSwgSW5jMQswCQYDVQQGEwJV\nUzAeFw0yNjA1MDQwMDI2MTdaFw0zNjA1MDEwMDI3MTdaMHAxLTArBgNVBC4TJDc3\nYmQ3OWFkLTdjMjYtNDY4MC1hMTg5LTQ2MGY4OTNhYmI1MTEcMBoGA1UEAxMTQ2xv\ndWQgU1FMIFNlcnZlciBDQTEUMBIGA1UEChMLR29vZ2xlLCBJbmMxCzAJBgNVBAYT\nAlVTMIIBIjANBgkqhkiG9w0BAQEFAAOCAQ8AMIIBCgKCAQEArDnyhS7cFvxCEIbP\n8lh75pZjbNCbDcx7IsLL9ANtCuYfRVUx3P27ZJ4uJZxEG94M7/ekndVXTs9dVAbq\nC4wsbkrSmZkHPfobtEk+toBvD+DzmEZJZTdVmOi/gZG3vBXBsyJqlXm/einAJ/EF\n/mJsK6NakdLaDC7rVuEbLGsab6fyMCYD5a6a5ulZJ68imgl/tjs7ct2xOSpXj0d2\nVIrt/PhKrc1hgFlwdfdkOTbcCBfhUIbxyUJ9YesMn5od4+5NxvVmsnszcBlD2PhH\n0RBPMeFZ3u/wU6gjRWY3+fd/xoznQQvgbVwRCgB7uok6XhUr3coDossQ0YeLDXvr\nTPrpIQIDAQABoxYwFDASBgNVHRMBAf8ECDAGAQH/AgEAMA0GCSqGSIb3DQEBCwUA\nA4IBAQA46XU+MmLY3lAzzBzHW+cBsr9hHxzuC6PmYWnBvW9CS+gG4a9EZIor4J3t\nw/e/3bCgb8EfoPdoTqetEE7njYhoIYoFvtaKBKTi6ISRIw2+DsaUAn5ZrqNNhDNb\nzycCPF+srh9a7xakzDtoMmywBsiBpeLxfs+UnSjHYUSLF7qDR64pYfpmJajLHn7g\nV2eUh0pcPIY84YNlFnblFtDmfTh3H+pVbLhr4pflSeoF1zwgKyv3rnEoeku4TC0r\ng1/5Q345/9tJyY/CIVnlIxYAenhTB8KIPTL/SzwRyVS53BbHhIyCg88Ccwc4eTfv\nrH7BUMvJvDmBnDpx5ydlmwPSbydO\n-----END CERTIFICATE-----",
                "common_name": "C=US,O=Google\\, Inc,CN=Cloud SQL Server CA,dnQualifier=77bd79ad-7c26-4680-a189-460f893abb51",
                "create_time": "2026-05-04T00:26:17.445Z",
                "expiration_time": "2036-05-01T00:27:17.445Z",
                "sha1_fingerprint": "9523c6df0218b1f9deae7f198c77e85504579bf1"
              }
            ],
            "service_account_email_address": "p344724821207-fy3ko8@gcp-sa-cloud-sql.iam.gserviceaccount.com",
            "settings": [
              {
                "activation_policy": "ALWAYS",
                "active_directory_config": [],
                "advanced_machine_features": [],
                "availability_type": "ZONAL",
                "backup_configuration": [
                  {
                    "backup_retention_settings": [
                      {
                        "retained_backups": 7,
                        "retention_unit": "COUNT"
                      }
                    ],
                    "binary_log_enabled": false,
                    "enabled": true,
                    "location": "",
                    "point_in_time_recovery_enabled": true,
                    "start_time": "13:00",
                    "transaction_log_retention_days": 7
                  }
                ],
                "collation": "",
                "connection_pool_config": [],
                "connector_enforcement": "NOT_REQUIRED",
                "data_cache_config": [
                  {
                    "data_cache_enabled": false
                  }
                ],
                "database_flags": [],
                "deletion_protection_enabled": false,
                "deny_maintenance_period": [],
                "disk_autoresize": true,
                "disk_autoresize_limit": 0,
                "disk_size": 10,
                "disk_type": "PD_SSD",
                "edition": "ENTERPRISE",
                "effective_availability_type": "ZONAL",
                "enable_dataplex_integration": false,
                "enable_google_ml_integration": false,
                "insights_config": [],
                "ip_configuration": [
                  {
                    "allocated_ip_range": "",
                    "authorized_networks": [
                      {
                        "expiration_time": "",
                        "name": "local-machine",
                        "value": "91.226.22.63/32"
                      }
                    ],
                    "custom_subject_alternative_names": null,
                    "enable_private_path_for_google_cloud_services": false,
                    "ipv4_enabled": true,
                    "private_network": "projects/superwizor-ai-25ecd/global/networks/superwizor-vpc",
                    "psc_config": [],
                    "server_ca_mode": "GOOGLE_MANAGED_INTERNAL_CA",
                    "server_ca_pool": "",
                    "ssl_mode": "ENCRYPTED_ONLY"
                  }
                ],
                "location_preference": [
                  {
                    "follow_gae_application": "",
                    "secondary_zone": "",
                    "zone": "europe-central2-a"
                  }
                ],
                "maintenance_window": [],
                "password_validation_policy": [],
                "pricing_plan": "PER_USE",
                "retain_backups_on_delete": false,
                "sql_server_audit_config": [],
                "tier": "db-f1-micro",
                "time_zone": "",
                "user_labels": {},
                "version": 1
              }
            ],
            "timeouts": null
          },
          "sensitive_attributes": [
            [
              {
                "type": "get_attr",
                "value": "root_password"
              }
            ],
            [
              {
                "type": "get_attr",
                "value": "server_ca_cert"
              }
            ]
          ],
          "identity_schema_version": 0,
          "private": "eyJlMmJmYjczMC1lY2FhLTExZTYtOGY4OC0zNDM2M2JjN2M0YzAiOnsiY3JlYXRlIjo1NDAwMDAwMDAwMDAwLCJkZWxldGUiOjU0MDAwMDAwMDAwMDAsInVwZGF0ZSI6NTQwMDAwMDAwMDAwMH19",
          "dependencies": [
            "module.cloud_sql.random_id.db_name_suffix",
            "module.kms.data.google_storage_project_service_account.gcs_account",
            "module.kms.google_kms_crypto_key.app_data",
            "module.kms.google_kms_crypto_key.audio_bucket",
            "module.kms.google_kms_crypto_key.database",
            "module.kms.google_kms_crypto_key.secrets",
            "module.kms.google_kms_crypto_key_iam_member.cloud_sql_kms",
            "module.kms.google_kms_crypto_key_iam_member.storage_kms",
            "module.kms.google_kms_key_ring.main",
            "module.kms.google_project_service_identity.gcp_sa_cloud_sql",
            "module.vpc.google_compute_global_address.private_service_range",
            "module.vpc.google_compute_network.main",
            "module.vpc.google_compute_subnetwork.main",
            "module.vpc.google_service_networking_connection.private_vpc_connection",
            "module.vpc.google_vpc_access_connector.main"
          ]
        }
      ]
    },
    {
      "module": "module.cloud_sql",
      "mode": "managed",
      "type": "google_sql_user",
      "name": "app_user",
      "provider": "provider[\"registry.terraform.io/hashicorp/google\"]",
      "instances": [
        {
          "schema_version": 1,
          "attributes": {
            "deletion_policy": null,
            "host": "",
            "id": "superwizor_app//superwizor-db-bc4c27de",
            "instance": "superwizor-db-bc4c27de",
            "name": "superwizor_app",
            "password": "Zjee!ZoYyd78%\u0026lCk-}47N74J-9OE!M!",
            "password_policy": [],
            "password_wo": null,
            "password_wo_version": null,
            "project": "superwizor-ai-25ecd",
            "sql_server_user_details": [],
            "timeouts": null,
            "type": ""
          },
          "sensitive_attributes": [
            [
              {
                "type": "get_attr",
                "value": "password"
              }
            ]
          ],
          "identity_schema_version": 0,
          "private": "eyJlMmJmYjczMC1lY2FhLTExZTYtOGY4OC0zNDM2M2JjN2M0YzAiOnsiY3JlYXRlIjo2MDAwMDAwMDAwMDAsImRlbGV0ZSI6NjAwMDAwMDAwMDAwLCJ1cGRhdGUiOjYwMDAwMDAwMDAwMH0sInNjaGVtYV92ZXJzaW9uIjoiMSJ9",
          "dependencies": [
            "module.cloud_sql.google_sql_database_instance.main",
            "module.cloud_sql.random_id.db_name_suffix",
            "module.cloud_sql.random_password.db_password",
            "module.kms.data.google_storage_project_service_account.gcs_account",
            "module.kms.google_kms_crypto_key.app_data",
            "module.kms.google_kms_crypto_key.audio_bucket",
            "module.kms.google_kms_crypto_key.database",
            "module.kms.google_kms_crypto_key.secrets",
            "module.kms.google_kms_crypto_key_iam_member.cloud_sql_kms",
            "module.kms.google_kms_crypto_key_iam_member.storage_kms",
            "module.kms.google_kms_key_ring.main",
            "module.kms.google_project_service_identity.gcp_sa_cloud_sql",
            "module.vpc.google_compute_global_address.private_service_range",
            "module.vpc.google_compute_network.main",
            "module.vpc.google_compute_subnetwork.main",
            "module.vpc.google_service_networking_connection.private_vpc_connection",
            "module.vpc.google_vpc_access_connector.main"
          ]
        }
      ]
    },
    {
      "module": "module.cloud_sql",
      "mode": "managed",
      "type": "random_id",
      "name": "db_name_suffix",
      "provider": "provider[\"registry.terraform.io/hashicorp/random\"]",
      "instances": [
        {
          "schema_version": 0,
          "attributes": {
            "b64_std": "vEwn3g==",
            "b64_url": "vEwn3g",
            "byte_length": 4,
            "dec": "3159107550",
            "hex": "bc4c27de",
            "id": "vEwn3g",
            "keepers": null,
            "prefix": null
          },
          "sensitive_attributes": [],
          "identity_schema_version": 0,
          "dependencies": [
            "module.kms.data.google_storage_project_service_account.gcs_account",
            "module.kms.google_kms_crypto_key.app_data",
            "module.kms.google_kms_crypto_key.audio_bucket",
            "module.kms.google_kms_crypto_key.database",
            "module.kms.google_kms_crypto_key.secrets",
            "module.kms.google_kms_crypto_key_iam_member.cloud_sql_kms",
            "module.kms.google_kms_crypto_key_iam_member.storage_kms",
            "module.kms.google_kms_key_ring.main",
            "module.kms.google_project_service_identity.gcp_sa_cloud_sql",
            "module.vpc.google_compute_global_address.private_service_range",
            "module.vpc.google_compute_network.main",
            "module.vpc.google_compute_subnetwork.main",
            "module.vpc.google_service_networking_connection.private_vpc_connection",
            "module.vpc.google_vpc_access_connector.main"
          ]
        }
      ]
    },
    {
      "module": "module.cloud_sql",
      "mode": "managed",
      "type": "random_password",
      "name": "db_password",
      "provider": "provider[\"registry.terraform.io/hashicorp/random\"]",
      "instances": [
        {
          "schema_version": 3,
          "attributes": {
            "bcrypt_hash": "$2a$10$JoVJWtrD8BYH3IuHjUmx1umvUJMq..IUtmh32sf7WSj0g/1hq69wC",
            "id": "none",
            "keepers": null,
            "length": 32,
            "lower": true,
            "min_lower": 0,
            "min_numeric": 0,
            "min_special": 0,
            "min_upper": 0,
            "number": true,
            "numeric": true,
            "override_special": null,
            "result": "Zjee!ZoYyd78%\u0026lCk-}47N74J-9OE!M!",
            "special": true,
            "upper": true
          },
          "sensitive_attributes": [
            [
              {
                "type": "get_attr",
                "value": "bcrypt_hash"
              }
            ],
            [
              {
                "type": "get_attr",
                "value": "result"
              }
            ]
          ],
          "identity_schema_version": 0,
          "dependencies": [
            "module.kms.data.google_storage_project_service_account.gcs_account",
            "module.kms.google_kms_crypto_key.app_data",
            "module.kms.google_kms_crypto_key.audio_bucket",
            "module.kms.google_kms_crypto_key.database",
            "module.kms.google_kms_crypto_key.secrets",
            "module.kms.google_kms_crypto_key_iam_member.cloud_sql_kms",
            "module.kms.google_kms_crypto_key_iam_member.storage_kms",
            "module.kms.google_kms_key_ring.main",
            "module.kms.google_project_service_identity.gcp_sa_cloud_sql",
            "module.vpc.google_compute_global_address.private_service_range",
            "module.vpc.google_compute_network.main",
            "module.vpc.google_compute_subnetwork.main",
            "module.vpc.google_service_networking_connection.private_vpc_connection",
            "module.vpc.google_vpc_access_connector.main"
          ]
        }
      ]
    },
    {
      "module": "module.kms",
      "mode": "data",
      "type": "google_storage_project_service_account",
      "name": "gcs_account",
      "provider": "provider[\"registry.terraform.io/hashicorp/google\"]",
      "instances": [
        {
          "schema_version": 0,
          "attributes": {
            "email_address": "service-344724821207@gs-project-accounts.iam.gserviceaccount.com",
            "id": "service-344724821207@gs-project-accounts.iam.gserviceaccount.com",
            "member": "serviceAccount:service-344724821207@gs-project-accounts.iam.gserviceaccount.com",
            "project": "superwizor-ai-25ecd",
            "user_project": null
          },
          "sensitive_attributes": [],
          "identity_schema_version": 0
        }
      ]
    },
    {
      "module": "module.kms",
      "mode": "managed",
      "type": "google_kms_crypto_key",
      "name": "app_data",
      "provider": "provider[\"registry.terraform.io/hashicorp/google\"]",
      "instances": [
        {
          "schema_version": 1,
          "attributes": {
            "crypto_key_backend": "",
            "destroy_scheduled_duration": "2592000s",
            "effective_labels": {
              "goog-terraform-provisioned": "true"
            },
            "id": "projects/superwizor-ai-25ecd/locations/europe-central2/keyRings/superwizor-keyring/cryptoKeys/app-data-key",
            "import_only": false,
            "key_ring": "projects/superwizor-ai-25ecd/locations/europe-central2/keyRings/superwizor-keyring",
            "labels": {},
            "name": "app-data-key",
            "primary": [
              {
                "name": "projects/superwizor-ai-25ecd/locations/europe-central2/keyRings/superwizor-keyring/cryptoKeys/app-data-key/cryptoKeyVersions/1",
                "state": "ENABLED"
              }
            ],
            "purpose": "ENCRYPT_DECRYPT",
            "rotation_period": "7776000s",
            "skip_initial_version_creation": null,
            "terraform_labels": {
              "goog-terraform-provisioned": "true"
            },
            "timeouts": null,
            "version_template": [
              {
                "algorithm": "GOOGLE_SYMMETRIC_ENCRYPTION",
                "protection_level": "SOFTWARE"
              }
            ]
          },
          "sensitive_attributes": [],
          "identity_schema_version": 0,
          "private": "eyJlMmJmYjczMC1lY2FhLTExZTYtOGY4OC0zNDM2M2JjN2M0YzAiOnsiY3JlYXRlIjoxMjAwMDAwMDAwMDAwLCJkZWxldGUiOjEyMDAwMDAwMDAwMDAsInVwZGF0ZSI6MTIwMDAwMDAwMDAwMH0sInNjaGVtYV92ZXJzaW9uIjoiMSJ9",
          "dependencies": [
            "module.kms.google_kms_key_ring.main",
            "module.vpc.google_compute_global_address.private_service_range",
            "module.vpc.google_compute_network.main",
            "module.vpc.google_compute_subnetwork.main",
            "module.vpc.google_service_networking_connection.private_vpc_connection",
            "module.vpc.google_vpc_access_connector.main"
          ]
        }
      ]
    },
    {
      "module": "module.kms",
      "mode": "managed",
      "type": "google_kms_crypto_key",
      "name": "audio_bucket",
      "provider": "provider[\"registry.terraform.io/hashicorp/google\"]",
      "instances": [
        {
          "schema_version": 1,
          "attributes": {
            "crypto_key_backend": "",
            "destroy_scheduled_duration": "2592000s",
            "effective_labels": {
              "goog-terraform-provisioned": "true"
            },
            "id": "projects/superwizor-ai-25ecd/locations/europe-central2/keyRings/superwizor-keyring/cryptoKeys/audio-bucket-key",
            "import_only": false,
            "key_ring": "projects/superwizor-ai-25ecd/locations/europe-central2/keyRings/superwizor-keyring",
            "labels": {},
            "name": "audio-bucket-key",
            "primary": [
              {
                "name": "projects/superwizor-ai-25ecd/locations/europe-central2/keyRings/superwizor-keyring/cryptoKeys/audio-bucket-key/cryptoKeyVersions/1",
                "state": "ENABLED"
              }
            ],
            "purpose": "ENCRYPT_DECRYPT",
            "rotation_period": "7776000s",
            "skip_initial_version_creation": null,
            "terraform_labels": {
              "goog-terraform-provisioned": "true"
            },
            "timeouts": null,
            "version_template": [
              {
                "algorithm": "GOOGLE_SYMMETRIC_ENCRYPTION",
                "protection_level": "SOFTWARE"
              }
            ]
          },
          "sensitive_attributes": [],
          "identity_schema_version": 0,
          "private": "eyJlMmJmYjczMC1lY2FhLTExZTYtOGY4OC0zNDM2M2JjN2M0YzAiOnsiY3JlYXRlIjoxMjAwMDAwMDAwMDAwLCJkZWxldGUiOjEyMDAwMDAwMDAwMDAsInVwZGF0ZSI6MTIwMDAwMDAwMDAwMH0sInNjaGVtYV92ZXJzaW9uIjoiMSJ9",
          "dependencies": [
            "module.kms.google_kms_key_ring.main",
            "module.vpc.google_compute_global_address.private_service_range",
            "module.vpc.google_compute_network.main",
            "module.vpc.google_compute_subnetwork.main",
            "module.vpc.google_service_networking_connection.private_vpc_connection",
            "module.vpc.google_vpc_access_connector.main"
          ]
        }
      ]
    },
    {
      "module": "module.kms",
      "mode": "managed",
      "type": "google_kms_crypto_key",
      "name": "database",
      "provider": "provider[\"registry.terraform.io/hashicorp/google\"]",
      "instances": [
        {
          "schema_version": 1,
          "attributes": {
            "crypto_key_backend": "",
            "destroy_scheduled_duration": "2592000s",
            "effective_labels": {
              "goog-terraform-provisioned": "true"
            },
            "id": "projects/superwizor-ai-25ecd/locations/europe-central2/keyRings/superwizor-keyring/cryptoKeys/database-key",
            "import_only": false,
            "key_ring": "projects/superwizor-ai-25ecd/locations/europe-central2/keyRings/superwizor-keyring",
            "labels": {},
            "name": "database-key",
            "primary": [
              {
                "name": "projects/superwizor-ai-25ecd/locations/europe-central2/keyRings/superwizor-keyring/cryptoKeys/database-key/cryptoKeyVersions/1",
                "state": "ENABLED"
              }
            ],
            "purpose": "ENCRYPT_DECRYPT",
            "rotation_period": "7776000s",
            "skip_initial_version_creation": null,
            "terraform_labels": {
              "goog-terraform-provisioned": "true"
            },
            "timeouts": null,
            "version_template": [
              {
                "algorithm": "GOOGLE_SYMMETRIC_ENCRYPTION",
                "protection_level": "SOFTWARE"
              }
            ]
          },
          "sensitive_attributes": [],
          "identity_schema_version": 0,
          "private": "eyJlMmJmYjczMC1lY2FhLTExZTYtOGY4OC0zNDM2M2JjN2M0YzAiOnsiY3JlYXRlIjoxMjAwMDAwMDAwMDAwLCJkZWxldGUiOjEyMDAwMDAwMDAwMDAsInVwZGF0ZSI6MTIwMDAwMDAwMDAwMH0sInNjaGVtYV92ZXJzaW9uIjoiMSJ9",
          "dependencies": [
            "module.kms.google_kms_key_ring.main",
            "module.vpc.google_compute_global_address.private_service_range",
            "module.vpc.google_compute_network.main",
            "module.vpc.google_compute_subnetwork.main",
            "module.vpc.google_service_networking_connection.private_vpc_connection",
            "module.vpc.google_vpc_access_connector.main"
          ]
        }
      ]
    },
    {
      "module": "module.kms",
      "mode": "managed",
      "type": "google_kms_crypto_key",
      "name": "secrets",
      "provider": "provider[\"registry.terraform.io/hashicorp/google\"]",
      "instances": [
        {
          "schema_version": 1,
          "attributes": {
            "crypto_key_backend": "",
            "destroy_scheduled_duration": "2592000s",
            "effective_labels": {
              "goog-terraform-provisioned": "true"
            },
            "id": "projects/superwizor-ai-25ecd/locations/europe-central2/keyRings/superwizor-keyring/cryptoKeys/secrets-key",
            "import_only": false,
            "key_ring": "projects/superwizor-ai-25ecd/locations/europe-central2/keyRings/superwizor-keyring",
            "labels": {},
            "name": "secrets-key",
            "primary": [
              {
                "name": "projects/superwizor-ai-25ecd/locations/europe-central2/keyRings/superwizor-keyring/cryptoKeys/secrets-key/cryptoKeyVersions/1",
                "state": "ENABLED"
              }
            ],
            "purpose": "ENCRYPT_DECRYPT",
            "rotation_period": "7776000s",
            "skip_initial_version_creation": null,
            "terraform_labels": {
              "goog-terraform-provisioned": "true"
            },
            "timeouts": null,
            "version_template": [
              {
                "algorithm": "GOOGLE_SYMMETRIC_ENCRYPTION",
                "protection_level": "SOFTWARE"
              }
            ]
          },
          "sensitive_attributes": [],
          "identity_schema_version": 0,
          "private": "eyJlMmJmYjczMC1lY2FhLTExZTYtOGY4OC0zNDM2M2JjN2M0YzAiOnsiY3JlYXRlIjoxMjAwMDAwMDAwMDAwLCJkZWxldGUiOjEyMDAwMDAwMDAwMDAsInVwZGF0ZSI6MTIwMDAwMDAwMDAwMH0sInNjaGVtYV92ZXJzaW9uIjoiMSJ9",
          "dependencies": [
            "module.kms.google_kms_key_ring.main",
            "module.vpc.google_compute_global_address.private_service_range",
            "module.vpc.google_compute_network.main",
            "module.vpc.google_compute_subnetwork.main",
            "module.vpc.google_service_networking_connection.private_vpc_connection",
            "module.vpc.google_vpc_access_connector.main"
          ]
        }
      ]
    },
    {
      "module": "module.kms",
      "mode": "managed",
      "type": "google_kms_crypto_key_iam_member",
      "name": "cloud_sql_kms",
      "provider": "provider[\"registry.terraform.io/hashicorp/google\"]",
      "instances": [
        {
          "schema_version": 0,
          "attributes": {
            "condition": [],
            "crypto_key_id": "projects/superwizor-ai-25ecd/locations/europe-central2/keyRings/superwizor-keyring/cryptoKeys/database-key",
            "etag": "BwZQ8vRQolg=",
            "id": "projects/superwizor-ai-25ecd/locations/europe-central2/keyRings/superwizor-keyring/cryptoKeys/database-key/roles/cloudkms.cryptoKeyEncrypterDecrypter/serviceAccount:service-344724821207@gcp-sa-cloud-sql.iam.gserviceaccount.com",
            "member": "serviceAccount:service-344724821207@gcp-sa-cloud-sql.iam.gserviceaccount.com",
            "role": "roles/cloudkms.cryptoKeyEncrypterDecrypter"
          },
          "sensitive_attributes": [],
          "identity_schema_version": 0,
          "private": "bnVsbA==",
          "dependencies": [
            "module.kms.google_kms_crypto_key.database",
            "module.kms.google_kms_key_ring.main",
            "module.kms.google_project_service_identity.gcp_sa_cloud_sql",
            "module.vpc.google_compute_global_address.private_service_range",
            "module.vpc.google_compute_network.main",
            "module.vpc.google_compute_subnetwork.main",
            "module.vpc.google_service_networking_connection.private_vpc_connection",
            "module.vpc.google_vpc_access_connector.main"
          ]
        }
      ]
    },
    {
      "module": "module.kms",
      "mode": "managed",
      "type": "google_kms_crypto_key_iam_member",
      "name": "storage_kms",
      "provider": "provider[\"registry.terraform.io/hashicorp/google\"]",
      "instances": [
        {
          "schema_version": 0,
          "attributes": {
            "condition": [],
            "crypto_key_id": "projects/superwizor-ai-25ecd/locations/europe-central2/keyRings/superwizor-keyring/cryptoKeys/audio-bucket-key",
            "etag": "BwZQ8vRSIzU=",
            "id": "projects/superwizor-ai-25ecd/locations/europe-central2/keyRings/superwizor-keyring/cryptoKeys/audio-bucket-key/roles/cloudkms.cryptoKeyEncrypterDecrypter/serviceAccount:service-344724821207@gs-project-accounts.iam.gserviceaccount.com",
            "member": "serviceAccount:service-344724821207@gs-project-accounts.iam.gserviceaccount.com",
            "role": "roles/cloudkms.cryptoKeyEncrypterDecrypter"
          },
          "sensitive_attributes": [],
          "identity_schema_version": 0,
          "private": "bnVsbA==",
          "dependencies": [
            "module.kms.data.google_storage_project_service_account.gcs_account",
            "module.kms.google_kms_crypto_key.audio_bucket",
            "module.kms.google_kms_key_ring.main",
            "module.vpc.google_compute_global_address.private_service_range",
            "module.vpc.google_compute_network.main",
            "module.vpc.google_compute_subnetwork.main",
            "module.vpc.google_service_networking_connection.private_vpc_connection",
            "module.vpc.google_vpc_access_connector.main"
          ]
        }
      ]
    },
    {
      "module": "module.kms",
      "mode": "managed",
      "type": "google_kms_key_ring",
      "name": "main",
      "provider": "provider[\"registry.terraform.io/hashicorp/google\"]",
      "instances": [
        {
          "schema_version": 0,
          "attributes": {
            "id": "projects/superwizor-ai-25ecd/locations/europe-central2/keyRings/superwizor-keyring",
            "location": "europe-central2",
            "name": "superwizor-keyring",
            "project": "superwizor-ai-25ecd",
            "timeouts": null
          },
          "sensitive_attributes": [],
          "identity_schema_version": 0,
          "private": "eyJlMmJmYjczMC1lY2FhLTExZTYtOGY4OC0zNDM2M2JjN2M0YzAiOnsiY3JlYXRlIjoxMjAwMDAwMDAwMDAwLCJkZWxldGUiOjEyMDAwMDAwMDAwMDB9LCJzY2hlbWFfdmVyc2lvbiI6IjAifQ==",
          "dependencies": [
            "module.vpc.google_compute_global_address.private_service_range",
            "module.vpc.google_compute_network.main",
            "module.vpc.google_compute_subnetwork.main",
            "module.vpc.google_service_networking_connection.private_vpc_connection",
            "module.vpc.google_vpc_access_connector.main"
          ]
        }
      ]
    },
    {
      "module": "module.kms",
      "mode": "managed",
      "type": "google_project_service_identity",
      "name": "gcp_sa_cloud_sql",
      "provider": "provider[\"registry.terraform.io/hashicorp/google-beta\"]",
      "instances": [
        {
          "schema_version": 0,
          "attributes": {
            "email": "service-344724821207@gcp-sa-cloud-sql.iam.gserviceaccount.com",
            "id": "projects/superwizor-ai-25ecd/services/sqladmin.googleapis.com",
            "member": "serviceAccount:service-344724821207@gcp-sa-cloud-sql.iam.gserviceaccount.com",
            "project": "superwizor-ai-25ecd",
            "service": "sqladmin.googleapis.com",
            "timeouts": null
          },
          "sensitive_attributes": [],
          "identity_schema_version": 0,
          "private": "eyJlMmJmYjczMC1lY2FhLTExZTYtOGY4OC0zNDM2M2JjN2M0YzAiOnsiY3JlYXRlIjoxMjAwMDAwMDAwMDAwLCJkZWxldGUiOjEyMDAwMDAwMDAwMDAsInJlYWQiOjYwMDAwMDAwMDAwMH19",
          "dependencies": [
            "module.vpc.google_compute_global_address.private_service_range",
            "module.vpc.google_compute_network.main",
            "module.vpc.google_compute_subnetwork.main",
            "module.vpc.google_service_networking_connection.private_vpc_connection",
            "module.vpc.google_vpc_access_connector.main"
          ]
        }
      ]
    },
    {
      "module": "module.pubsub",
      "mode": "managed",
      "type": "google_pubsub_subscription",
      "name": "audio_uploaded_debug",
      "provider": "provider[\"registry.terraform.io/hashicorp/google\"]",
      "instances": [
        {
          "schema_version": 0,
          "attributes": {
            "ack_deadline_seconds": 60,
            "bigquery_config": [],
            "cloud_storage_config": [],
            "dead_letter_policy": [
              {
                "dead_letter_topic": "projects/superwizor-ai-25ecd/topics/audio.uploaded.dlq",
                "max_delivery_attempts": 5
              }
            ],
            "effective_labels": {
              "goog-terraform-provisioned": "true"
            },
            "enable_exactly_once_delivery": false,
            "enable_message_ordering": false,
            "expiration_policy": [
              {
                "ttl": "2678400s"
              }
            ],
            "filter": "",
            "id": "projects/superwizor-ai-25ecd/subscriptions/audio.uploaded.debug",
            "labels": {},
            "message_retention_duration": "604800s",
            "message_transforms": [],
            "name": "audio.uploaded.debug",
            "project": "superwizor-ai-25ecd",
            "push_config": [],
            "retain_acked_messages": false,
            "retry_policy": [
              {
                "maximum_backoff": "600s",
                "minimum_backoff": "10s"
              }
            ],
            "terraform_labels": {
              "goog-terraform-provisioned": "true"
            },
            "timeouts": null,
            "topic": "projects/superwizor-ai-25ecd/topics/audio.uploaded"
          },
          "sensitive_attributes": [],
          "identity_schema_version": 0,
          "private": "eyJlMmJmYjczMC1lY2FhLTExZTYtOGY4OC0zNDM2M2JjN2M0YzAiOnsiY3JlYXRlIjoxMjAwMDAwMDAwMDAwLCJkZWxldGUiOjEyMDAwMDAwMDAwMDAsInVwZGF0ZSI6MTIwMDAwMDAwMDAwMH19",
          "dependencies": [
            "module.pubsub.google_pubsub_topic.audio_uploaded",
            "module.pubsub.google_pubsub_topic.audio_uploaded_dlq"
          ]
        }
      ]
    },
    {
      "module": "module.pubsub",
      "mode": "managed",
      "type": "google_pubsub_topic",
      "name": "audio_uploaded",
      "provider": "provider[\"registry.terraform.io/hashicorp/google\"]",
      "instances": [
        {
          "schema_version": 0,
          "attributes": {
            "effective_labels": {
              "goog-terraform-provisioned": "true"
            },
            "id": "projects/superwizor-ai-25ecd/topics/audio.uploaded",
            "ingestion_data_source_settings": [],
            "kms_key_name": "",
            "labels": {},
            "message_retention_duration": "",
            "message_storage_policy": [],
            "message_transforms": [],
            "name": "audio.uploaded",
            "project": "superwizor-ai-25ecd",
            "schema_settings": [],
            "terraform_labels": {
              "goog-terraform-provisioned": "true"
            },
            "timeouts": null
          },
          "sensitive_attributes": [],
          "identity_schema_version": 0,
          "private": "eyJlMmJmYjczMC1lY2FhLTExZTYtOGY4OC0zNDM2M2JjN2M0YzAiOnsiY3JlYXRlIjoxMjAwMDAwMDAwMDAwLCJkZWxldGUiOjEyMDAwMDAwMDAwMDAsInVwZGF0ZSI6MTIwMDAwMDAwMDAwMH19"
        }
      ]
    },
    {
      "module": "module.pubsub",
      "mode": "managed",
      "type": "google_pubsub_topic",
      "name": "audio_uploaded_dlq",
      "provider": "provider[\"registry.terraform.io/hashicorp/google\"]",
      "instances": [
        {
          "schema_version": 0,
          "attributes": {
            "effective_labels": {
              "goog-terraform-provisioned": "true"
            },
            "id": "projects/superwizor-ai-25ecd/topics/audio.uploaded.dlq",
            "ingestion_data_source_settings": [],
            "kms_key_name": "",
            "labels": {},
            "message_retention_duration": "",
            "message_storage_policy": [],
            "message_transforms": [],
            "name": "audio.uploaded.dlq",
            "project": "superwizor-ai-25ecd",
            "schema_settings": [],
            "terraform_labels": {
              "goog-terraform-provisioned": "true"
            },
            "timeouts": null
          },
          "sensitive_attributes": [],
          "identity_schema_version": 0,
          "private": "eyJlMmJmYjczMC1lY2FhLTExZTYtOGY4OC0zNDM2M2JjN2M0YzAiOnsiY3JlYXRlIjoxMjAwMDAwMDAwMDAwLCJkZWxldGUiOjEyMDAwMDAwMDAwMDAsInVwZGF0ZSI6MTIwMDAwMDAwMDAwMH19"
        }
      ]
    },
    {
      "module": "module.pubsub",
      "mode": "managed",
      "type": "google_pubsub_topic",
      "name": "report_generated",
      "provider": "provider[\"registry.terraform.io/hashicorp/google\"]",
      "instances": [
        {
          "schema_version": 0,
          "attributes": {
            "effective_labels": {
              "goog-terraform-provisioned": "true"
            },
            "id": "projects/superwizor-ai-25ecd/topics/report.generated",
            "ingestion_data_source_settings": [],
            "kms_key_name": "",
            "labels": {},
            "message_retention_duration": "",
            "message_storage_policy": [],
            "message_transforms": [],
            "name": "report.generated",
            "project": "superwizor-ai-25ecd",
            "schema_settings": [],
            "terraform_labels": {
              "goog-terraform-provisioned": "true"
            },
            "timeouts": null
          },
          "sensitive_attributes": [],
          "identity_schema_version": 0,
          "private": "eyJlMmJmYjczMC1lY2FhLTExZTYtOGY4OC0zNDM2M2JjN2M0YzAiOnsiY3JlYXRlIjoxMjAwMDAwMDAwMDAwLCJkZWxldGUiOjEyMDAwMDAwMDAwMDAsInVwZGF0ZSI6MTIwMDAwMDAwMDAwMH19"
        }
      ]
    },
    {
      "module": "module.pubsub",
      "mode": "managed",
      "type": "google_pubsub_topic",
      "name": "transcript_completed",
      "provider": "provider[\"registry.terraform.io/hashicorp/google\"]",
      "instances": [
        {
          "schema_version": 0,
          "attributes": {
            "effective_labels": {
              "goog-terraform-provisioned": "true"
            },
            "id": "projects/superwizor-ai-25ecd/topics/transcript.completed",
            "ingestion_data_source_settings": [],
            "kms_key_name": "",
            "labels": {},
            "message_retention_duration": "",
            "message_storage_policy": [],
            "message_transforms": [],
            "name": "transcript.completed",
            "project": "superwizor-ai-25ecd",
            "schema_settings": [],
            "terraform_labels": {
              "goog-terraform-provisioned": "true"
            },
            "timeouts": null
          },
          "sensitive_attributes": [],
          "identity_schema_version": 0,
          "private": "eyJlMmJmYjczMC1lY2FhLTExZTYtOGY4OC0zNDM2M2JjN2M0YzAiOnsiY3JlYXRlIjoxMjAwMDAwMDAwMDAwLCJkZWxldGUiOjEyMDAwMDAwMDAwMDAsInVwZGF0ZSI6MTIwMDAwMDAwMDAwMH19"
        }
      ]
    },
    {
      "module": "module.pubsub",
      "mode": "managed",
      "type": "google_pubsub_topic",
      "name": "transcript_completed_dlq",
      "provider": "provider[\"registry.terraform.io/hashicorp/google\"]",
      "instances": [
        {
          "schema_version": 0,
          "attributes": {
            "effective_labels": {
              "goog-terraform-provisioned": "true"
            },
            "id": "projects/superwizor-ai-25ecd/topics/transcript.completed.dlq",
            "ingestion_data_source_settings": [],
            "kms_key_name": "",
            "labels": {},
            "message_retention_duration": "",
            "message_storage_policy": [],
            "message_transforms": [],
            "name": "transcript.completed.dlq",
            "project": "superwizor-ai-25ecd",
            "schema_settings": [],
            "terraform_labels": {
              "goog-terraform-provisioned": "true"
            },
            "timeouts": null
          },
          "sensitive_attributes": [],
          "identity_schema_version": 0,
          "private": "eyJlMmJmYjczMC1lY2FhLTExZTYtOGY4OC0zNDM2M2JjN2M0YzAiOnsiY3JlYXRlIjoxMjAwMDAwMDAwMDAwLCJkZWxldGUiOjEyMDAwMDAwMDAwMDAsInVwZGF0ZSI6MTIwMDAwMDAwMDAwMH19"
        }
      ]
    },
    {
      "module": "module.pubsub",
      "mode": "managed",
      "type": "google_pubsub_topic_iam_member",
      "name": "ingestion_publisher",
      "provider": "provider[\"registry.terraform.io/hashicorp/google\"]",
      "instances": [
        {
          "schema_version": 0,
          "attributes": {
            "condition": [],
            "etag": "BwZQ8vRSNeM=",
            "id": "projects/superwizor-ai-25ecd/topics/audio.uploaded/roles/pubsub.publisher/serviceAccount:ingestion-svc@superwizor-ai-25ecd.iam.gserviceaccount.com",
            "member": "serviceAccount:ingestion-svc@superwizor-ai-25ecd.iam.gserviceaccount.com",
            "project": "superwizor-ai-25ecd",
            "role": "roles/pubsub.publisher",
            "topic": "projects/superwizor-ai-25ecd/topics/audio.uploaded"
          },
          "sensitive_attributes": [],
          "identity_schema_version": 0,
          "private": "bnVsbA==",
          "dependencies": [
            "module.pubsub.google_pubsub_topic.audio_uploaded"
          ]
        }
      ]
    },
    {
      "module": "module.pubsub",
      "mode": "managed",
      "type": "google_pubsub_topic_iam_member",
      "name": "stt_publisher",
      "provider": "provider[\"registry.terraform.io/hashicorp/google\"]",
      "instances": [
        {
          "schema_version": 0,
          "attributes": {
            "condition": [],
            "etag": "BwZQ8ut3NKA=",
            "id": "projects/superwizor-ai-25ecd/topics/transcript.completed/roles/pubsub.publisher/serviceAccount:stt-worker@superwizor-ai-25ecd.iam.gserviceaccount.com",
            "member": "serviceAccount:stt-worker@superwizor-ai-25ecd.iam.gserviceaccount.com",
            "project": "superwizor-ai-25ecd",
            "role": "roles/pubsub.publisher",
            "topic": "projects/superwizor-ai-25ecd/topics/transcript.completed"
          },
          "sensitive_attributes": [],
          "identity_schema_version": 0,
          "private": "bnVsbA==",
          "dependencies": [
            "module.pubsub.google_pubsub_topic.transcript_completed"
          ]
        }
      ]
    },
    {
      "module": "module.storage",
      "mode": "data",
      "type": "google_storage_project_service_account",
      "name": "gcs_account",
      "provider": "provider[\"registry.terraform.io/hashicorp/google\"]",
      "instances": [
        {
          "schema_version": 0,
          "attributes": {
            "email_address": "service-344724821207@gs-project-accounts.iam.gserviceaccount.com",
            "id": "service-344724821207@gs-project-accounts.iam.gserviceaccount.com",
            "member": "serviceAccount:service-344724821207@gs-project-accounts.iam.gserviceaccount.com",
            "project": "superwizor-ai-25ecd",
            "user_project": null
          },
          "sensitive_attributes": [],
          "identity_schema_version": 0
        }
      ]
    },
    {
      "module": "module.storage",
      "mode": "managed",
      "type": "google_pubsub_topic_iam_binding",
      "name": "binding",
      "provider": "provider[\"registry.terraform.io/hashicorp/google\"]",
      "instances": [
        {
          "schema_version": 0,
          "attributes": {
            "condition": [],
            "etag": "BwZQ8vB04gY=",
            "id": "projects/superwizor-ai-25ecd/topics/audio.uploaded/roles/pubsub.publisher",
            "members": [
              "serviceAccount:service-344724821207@gs-project-accounts.iam.gserviceaccount.com"
            ],
            "project": "superwizor-ai-25ecd",
            "role": "roles/pubsub.publisher",
            "topic": "projects/superwizor-ai-25ecd/topics/audio.uploaded"
          },
          "sensitive_attributes": [],
          "identity_schema_version": 0,
          "private": "bnVsbA==",
          "dependencies": [
            "module.pubsub.google_pubsub_topic.audio_uploaded",
            "module.storage.data.google_storage_project_service_account.gcs_account"
          ]
        }
      ]
    },
    {
      "module": "module.storage",
      "mode": "managed",
      "type": "google_storage_bucket",
      "name": "audio_uploads",
      "provider": "provider[\"registry.terraform.io/hashicorp/google\"]",
      "instances": [
        {
          "schema_version": 3,
          "attributes": {
            "autoclass": [],
            "cors": [
              {
                "max_age_seconds": 3600,
                "method": [
                  "PUT",
                  "OPTIONS"
                ],
                "origin": [
                  "*"
                ],
                "response_header": [
                  "Content-Type",
                  "x-goog-content-length-range"
                ]
              }
            ],
            "custom_placement_config": [],
            "default_event_based_hold": false,
            "effective_labels": {
              "goog-terraform-provisioned": "true"
            },
            "enable_object_retention": false,
            "encryption": [],
            "force_destroy": false,
            "hierarchical_namespace": [
              {
                "enabled": false
              }
            ],
            "id": "superwizor-ai-25ecd-audio-uploads",
            "ip_filter": [],
            "labels": {},
            "lifecycle_rule": [
              {
                "action": [
                  {
                    "storage_class": "",
                    "type": "Delete"
                  }
                ],
                "condition": [
                  {
                    "age": 2,
                    "created_before": "",
                    "custom_time_before": "",
                    "days_since_custom_time": 0,
                    "days_since_noncurrent_time": 0,
                    "matches_prefix": [],
                    "matches_storage_class": [],
                    "matches_suffix": [],
                    "noncurrent_time_before": "",
                    "num_newer_versions": 0,
                    "send_age_if_zero": false,
                    "send_days_since_custom_time_if_zero": false,
                    "send_days_since_noncurrent_time_if_zero": false,
                    "send_num_newer_versions_if_zero": false,
                    "with_state": "ANY"
                  }
                ]
              }
            ],
            "location": "EUROPE-CENTRAL2",
            "logging": [],
            "name": "superwizor-ai-25ecd-audio-uploads",
            "project": "",
            "project_number": 344724821207,
            "public_access_prevention": "inherited",
            "requester_pays": false,
            "retention_policy": [],
            "rpo": null,
            "self_link": "https://www.googleapis.com/storage/v1/b/superwizor-ai-25ecd-audio-uploads",
            "soft_delete_policy": [
              {
                "effective_time": "2026-05-02T13:43:18.191Z",
                "retention_duration_seconds": 604800
              }
            ],
            "storage_class": "STANDARD",
            "terraform_labels": {},
            "time_created": "2026-05-02T13:43:18.191Z",
            "timeouts": null,
            "uniform_bucket_level_access": true,
            "updated": "2026-05-03T16:51:14.168Z",
            "url": "gs://superwizor-ai-25ecd-audio-uploads",
            "versioning": [],
            "website": []
          },
          "sensitive_attributes": [],
          "identity_schema_version": 0,
          "private": "eyJlMmJmYjczMC1lY2FhLTExZTYtOGY4OC0zNDM2M2JjN2M0YzAiOnsiY3JlYXRlIjo2MDAwMDAwMDAwMDAsInJlYWQiOjI0MDAwMDAwMDAwMCwidXBkYXRlIjoyNDAwMDAwMDAwMDB9LCJzY2hlbWFfdmVyc2lvbiI6IjMifQ=="
        }
      ]
    },
    {
      "module": "module.vpc",
      "mode": "managed",
      "type": "google_compute_global_address",
      "name": "private_service_range",
      "provider": "provider[\"registry.terraform.io/hashicorp/google-beta\"]",
      "instances": [
        {
          "schema_version": 0,
          "attributes": {
            "address": "10.158.0.0",
            "address_type": "INTERNAL",
            "creation_timestamp": "2026-04-30T07:32:41.115-07:00",
            "description": "",
            "effective_labels": {
              "goog-terraform-provisioned": "true"
            },
            "id": "projects/superwizor-ai-25ecd/global/addresses/superwizor-vpc-private-services",
            "ip_version": "",
            "label_fingerprint": "vezUS-42LLM=",
            "labels": {},
            "name": "superwizor-vpc-private-services",
            "network": "https://www.googleapis.com/compute/v1/projects/superwizor-ai-25ecd/global/networks/superwizor-vpc",
            "prefix_length": 16,
            "project": "superwizor-ai-25ecd",
            "purpose": "VPC_PEERING",
            "self_link": "https://www.googleapis.com/compute/v1/projects/superwizor-ai-25ecd/global/addresses/superwizor-vpc-private-services",
            "terraform_labels": {
              "goog-terraform-provisioned": "true"
            },
            "timeouts": null
          },
          "sensitive_attributes": [],
          "identity_schema_version": 0,
          "private": "eyJlMmJmYjczMC1lY2FhLTExZTYtOGY4OC0zNDM2M2JjN2M0YzAiOnsiY3JlYXRlIjoxMjAwMDAwMDAwMDAwLCJkZWxldGUiOjEyMDAwMDAwMDAwMDAsInVwZGF0ZSI6MTIwMDAwMDAwMDAwMH19",
          "dependencies": [
            "module.vpc.google_compute_network.main"
          ]
        }
      ]
    },
    {
      "module": "module.vpc",
      "mode": "managed",
      "type": "google_compute_network",
      "name": "main",
      "provider": "provider[\"registry.terraform.io/hashicorp/google\"]",
      "instances": [
        {
          "schema_version": 0,
          "attributes": {
            "auto_create_subnetworks": false,
            "bgp_always_compare_med": false,
            "bgp_best_path_selection_mode": "LEGACY",
            "bgp_inter_region_cost": "",
            "delete_default_routes_on_create": false,
            "description": "",
            "enable_ula_internal_ipv6": false,
            "gateway_ipv4": "",
            "id": "projects/superwizor-ai-25ecd/global/networks/superwizor-vpc",
            "internal_ipv6_range": "",
            "mtu": 0,
            "name": "superwizor-vpc",
            "network_firewall_policy_enforcement_order": "AFTER_CLASSIC_FIREWALL",
            "network_id": "7920199294976448786",
            "network_profile": "",
            "numeric_id": "7920199294976448786",
            "params": [],
            "project": "superwizor-ai-25ecd",
            "routing_mode": "REGIONAL",
            "self_link": "https://www.googleapis.com/compute/v1/projects/superwizor-ai-25ecd/global/networks/superwizor-vpc",
            "timeouts": null
          },
          "sensitive_attributes": [],
          "identity_schema_version": 0,
          "private": "eyJlMmJmYjczMC1lY2FhLTExZTYtOGY4OC0zNDM2M2JjN2M0YzAiOnsiY3JlYXRlIjoxMjAwMDAwMDAwMDAwLCJkZWxldGUiOjEyMDAwMDAwMDAwMDAsInVwZGF0ZSI6MTIwMDAwMDAwMDAwMH0sInNjaGVtYV92ZXJzaW9uIjoiMCJ9"
        }
      ]
    },
    {
      "module": "module.vpc",
      "mode": "managed",
      "type": "google_compute_subnetwork",
      "name": "main",
      "provider": "provider[\"registry.terraform.io/hashicorp/google\"]",
      "instances": [
        {
          "schema_version": 0,
          "attributes": {
            "creation_timestamp": "2026-04-30T07:32:43.176-07:00",
            "description": "",
            "enable_flow_logs": true,
            "external_ipv6_prefix": "",
            "fingerprint": null,
            "gateway_address": "10.0.0.1",
            "id": "projects/superwizor-ai-25ecd/regions/europe-central2/subnetworks/superwizor-vpc-subnet",
            "internal_ipv6_prefix": "",
            "ip_cidr_range": "10.0.0.0/20",
            "ip_collection": null,
            "ipv6_access_type": "",
            "ipv6_cidr_range": "",
            "ipv6_gce_endpoint": "",
            "log_config": [
              {
                "aggregation_interval": "INTERVAL_5_SEC",
                "filter_expr": "true",
                "flow_sampling": 0.5,
                "metadata": "INCLUDE_ALL_METADATA",
                "metadata_fields": []
              }
            ],
            "name": "superwizor-vpc-subnet",
            "network": "https://www.googleapis.com/compute/v1/projects/superwizor-ai-25ecd/global/networks/superwizor-vpc",
            "params": [],
            "private_ip_google_access": true,
            "private_ipv6_google_access": "DISABLE_GOOGLE_ACCESS",
            "project": "superwizor-ai-25ecd",
            "purpose": "PRIVATE",
            "region": "europe-central2",
            "reserved_internal_range": "",
            "role": "",
            "secondary_ip_range": [],
            "self_link": "https://www.googleapis.com/compute/v1/projects/superwizor-ai-25ecd/regions/europe-central2/subnetworks/superwizor-vpc-subnet",
            "send_secondary_ip_range_if_empty": null,
            "stack_type": "IPV4_ONLY",
            "state": "",
            "subnetwork_id": 2874395157843597028,
            "timeouts": null
          },
          "sensitive_attributes": [],
          "identity_schema_version": 0,
          "private": "eyJlMmJmYjczMC1lY2FhLTExZTYtOGY4OC0zNDM2M2JjN2M0YzAiOnsiY3JlYXRlIjoxMjAwMDAwMDAwMDAwLCJkZWxldGUiOjEyMDAwMDAwMDAwMDAsInVwZGF0ZSI6MTIwMDAwMDAwMDAwMH0sInNjaGVtYV92ZXJzaW9uIjoiMCJ9",
          "dependencies": [
            "module.vpc.google_compute_network.main"
          ]
        }
      ]
    },
    {
      "module": "module.vpc",
      "mode": "managed",
      "type": "google_service_networking_connection",
      "name": "private_vpc_connection",
      "provider": "provider[\"registry.terraform.io/hashicorp/google-beta\"]",
      "instances": [
        {
          "schema_version": 0,
          "attributes": {
            "deletion_policy": "ABANDON",
            "id": "projects%2Fsuperwizor-ai-25ecd%2Fglobal%2Fnetworks%2Fsuperwizor-vpc:servicenetworking.googleapis.com",
            "network": "projects/superwizor-ai-25ecd/global/networks/superwizor-vpc",
            "peering": "servicenetworking-googleapis-com",
            "reserved_peering_ranges": [
              "superwizor-vpc-private-services"
            ],
            "service": "servicenetworking.googleapis.com",
            "timeouts": null,
            "update_on_creation_fail": null
          },
          "sensitive_attributes": [],
          "identity_schema_version": 0,
          "private": "eyJlMmJmYjczMC1lY2FhLTExZTYtOGY4OC0zNDM2M2JjN2M0YzAiOnsiY3JlYXRlIjo2MDAwMDAwMDAwMDAsImRlbGV0ZSI6NjAwMDAwMDAwMDAwLCJ1cGRhdGUiOjYwMDAwMDAwMDAwMH19",
          "dependencies": [
            "module.vpc.google_compute_global_address.private_service_range",
            "module.vpc.google_compute_network.main"
          ]
        }
      ]
    },
    {
      "module": "module.vpc",
      "mode": "managed",
      "type": "google_vpc_access_connector",
      "name": "main",
      "provider": "provider[\"registry.terraform.io/hashicorp/google\"]",
      "instances": [
        {
          "schema_version": 0,
          "attributes": {
            "connected_projects": [
              "superwizor-ai-25ecd"
            ],
            "id": "projects/superwizor-ai-25ecd/locations/europe-central2/connectors/swvpc-connector",
            "ip_cidr_range": "10.8.0.0/28",
            "machine_type": "e2-micro",
            "max_instances": 3,
            "max_throughput": 300,
            "min_instances": 2,
            "min_throughput": 200,
            "name": "swvpc-connector",
            "network": "superwizor-vpc",
            "project": "superwizor-ai-25ecd",
            "region": "europe-central2",
            "self_link": "projects/superwizor-ai-25ecd/locations/europe-central2/connectors/swvpc-connector",
            "state": "READY",
            "subnet": [],
            "timeouts": null
          },
          "sensitive_attributes": [],
          "identity_schema_version": 0,
          "private": "eyJlMmJmYjczMC1lY2FhLTExZTYtOGY4OC0zNDM2M2JjN2M0YzAiOnsiY3JlYXRlIjoxMjAwMDAwMDAwMDAwLCJkZWxldGUiOjEyMDAwMDAwMDAwMDAsInVwZGF0ZSI6MTIwMDAwMDAwMDAwMH0sInNjaGVtYV92ZXJzaW9uIjoiMCJ9",
          "dependencies": [
            "module.vpc.google_compute_network.main"
          ]
        }
      ]
    },
    {
      "module": "module.wif",
      "mode": "managed",
      "type": "google_iam_workload_identity_pool",
      "name": "github_pool",
      "provider": "provider[\"registry.terraform.io/hashicorp/google\"]",
      "instances": [
        {
          "schema_version": 0,
          "attributes": {
            "description": "Identity pool for GitHub Actions integrations",
            "disabled": false,
            "display_name": "GitHub Actions Pool",
            "id": "projects/superwizor-ai-25ecd/locations/global/workloadIdentityPools/github-actions-pool",
            "name": "projects/344724821207/locations/global/workloadIdentityPools/github-actions-pool",
            "project": "superwizor-ai-25ecd",
            "state": "ACTIVE",
            "timeouts": null,
            "workload_identity_pool_id": "github-actions-pool"
          },
          "sensitive_attributes": [],
          "identity_schema_version": 0,
          "private": "eyJlMmJmYjczMC1lY2FhLTExZTYtOGY4OC0zNDM2M2JjN2M0YzAiOnsiY3JlYXRlIjoxMjAwMDAwMDAwMDAwLCJkZWxldGUiOjEyMDAwMDAwMDAwMDAsInVwZGF0ZSI6MTIwMDAwMDAwMDAwMH0sInNjaGVtYV92ZXJzaW9uIjoiMCJ9"
        }
      ]
    },
    {
      "module": "module.wif",
      "mode": "managed",
      "type": "google_iam_workload_identity_pool_provider",
      "name": "github_provider",
      "provider": "provider[\"registry.terraform.io/hashicorp/google\"]",
      "instances": [
        {
          "schema_version": 0,
          "attributes": {
            "attribute_condition": "assertion.repository == \"baciok91/superwizor-backend\"",
            "attribute_mapping": {
              "attribute.actor": "assertion.actor",
              "attribute.repository": "assertion.repository",
              "google.subject": "assertion.sub"
            },
            "aws": [],
            "description": "",
            "disabled": false,
            "display_name": "GitHub Actions Provider",
            "id": "projects/superwizor-ai-25ecd/locations/global/workloadIdentityPools/github-actions-pool/providers/github-provider",
            "name": "projects/344724821207/locations/global/workloadIdentityPools/github-actions-pool/providers/github-provider",
            "oidc": [
              {
                "allowed_audiences": [],
                "issuer_uri": "https://token.actions.githubusercontent.com",
                "jwks_json": ""
              }
            ],
            "project": "superwizor-ai-25ecd",
            "saml": [],
            "state": "ACTIVE",
            "timeouts": null,
            "workload_identity_pool_id": "github-actions-pool",
            "workload_identity_pool_provider_id": "github-provider",
            "x509": []
          },
          "sensitive_attributes": [],
          "identity_schema_version": 0,
          "private": "eyJlMmJmYjczMC1lY2FhLTExZTYtOGY4OC0zNDM2M2JjN2M0YzAiOnsiY3JlYXRlIjoxMjAwMDAwMDAwMDAwLCJkZWxldGUiOjEyMDAwMDAwMDAwMDAsInVwZGF0ZSI6MTIwMDAwMDAwMDAwMH0sInNjaGVtYV92ZXJzaW9uIjoiMCJ9",
          "dependencies": [
            "module.wif.google_iam_workload_identity_pool.github_pool"
          ]
        }
      ]
    },
    {
      "module": "module.wif",
      "mode": "managed",
      "type": "google_project_iam_member",
      "name": "github_actions_roles",
      "provider": "provider[\"registry.terraform.io/hashicorp/google\"]",
      "instances": [
        {
          "index_key": "roles/artifactregistry.writer",
          "schema_version": 0,
          "attributes": {
            "condition": [],
            "etag": "BwZQ8uYdaD4=",
            "id": "superwizor-ai-25ecd/roles/artifactregistry.writer/serviceAccount:github-actions-sa@superwizor-ai-25ecd.iam.gserviceaccount.com",
            "member": "serviceAccount:github-actions-sa@superwizor-ai-25ecd.iam.gserviceaccount.com",
            "project": "superwizor-ai-25ecd",
            "role": "roles/artifactregistry.writer"
          },
          "sensitive_attributes": [],
          "identity_schema_version": 0,
          "private": "bnVsbA==",
          "dependencies": [
            "module.wif.google_service_account.github_actions"
          ]
        },
        {
          "index_key": "roles/cloudbuild.builds.editor",
          "schema_version": 0,
          "attributes": {
            "condition": [],
            "etag": "BwZQ8uYdaD4=",
            "id": "superwizor-ai-25ecd/roles/cloudbuild.builds.editor/serviceAccount:github-actions-sa@superwizor-ai-25ecd.iam.gserviceaccount.com",
            "member": "serviceAccount:github-actions-sa@superwizor-ai-25ecd.iam.gserviceaccount.com",
            "project": "superwizor-ai-25ecd",
            "role": "roles/cloudbuild.builds.editor"
          },
          "sensitive_attributes": [],
          "identity_schema_version": 0,
          "private": "bnVsbA==",
          "dependencies": [
            "module.wif.google_service_account.github_actions"
          ]
        },
        {
          "index_key": "roles/editor",
          "schema_version": 0,
          "attributes": {
            "condition": [],
            "etag": "BwZQ8uYdaD4=",
            "id": "superwizor-ai-25ecd/roles/editor/serviceAccount:github-actions-sa@superwizor-ai-25ecd.iam.gserviceaccount.com",
            "member": "serviceAccount:github-actions-sa@superwizor-ai-25ecd.iam.gserviceaccount.com",
            "project": "superwizor-ai-25ecd",
            "role": "roles/editor"
          },
          "sensitive_attributes": [],
          "identity_schema_version": 0,
          "private": "bnVsbA==",
          "dependencies": [
            "module.wif.google_service_account.github_actions"
          ]
        },
        {
          "index_key": "roles/iam.serviceAccountUser",
          "schema_version": 0,
          "attributes": {
            "condition": [],
            "etag": "BwZQ8uYdaD4=",
            "id": "superwizor-ai-25ecd/roles/iam.serviceAccountUser/serviceAccount:github-actions-sa@superwizor-ai-25ecd.iam.gserviceaccount.com",
            "member": "serviceAccount:github-actions-sa@superwizor-ai-25ecd.iam.gserviceaccount.com",
            "project": "superwizor-ai-25ecd",
            "role": "roles/iam.serviceAccountUser"
          },
          "sensitive_attributes": [],
          "identity_schema_version": 0,
          "private": "bnVsbA==",
          "dependencies": [
            "module.wif.google_service_account.github_actions"
          ]
        },
        {
          "index_key": "roles/run.admin",
          "schema_version": 0,
          "attributes": {
            "condition": [],
            "etag": "BwZQ8uYdaD4=",
            "id": "superwizor-ai-25ecd/roles/run.admin/serviceAccount:github-actions-sa@superwizor-ai-25ecd.iam.gserviceaccount.com",
            "member": "serviceAccount:github-actions-sa@superwizor-ai-25ecd.iam.gserviceaccount.com",
            "project": "superwizor-ai-25ecd",
            "role": "roles/run.admin"
          },
          "sensitive_attributes": [],
          "identity_schema_version": 0,
          "private": "bnVsbA==",
          "dependencies": [
            "module.wif.google_service_account.github_actions"
          ]
        },
        {
          "index_key": "roles/secretmanager.secretAccessor",
          "schema_version": 0,
          "attributes": {
            "condition": [],
            "etag": "BwZQ8uYdaD4=",
            "id": "superwizor-ai-25ecd/roles/secretmanager.secretAccessor/serviceAccount:github-actions-sa@superwizor-ai-25ecd.iam.gserviceaccount.com",
            "member": "serviceAccount:github-actions-sa@superwizor-ai-25ecd.iam.gserviceaccount.com",
            "project": "superwizor-ai-25ecd",
            "role": "roles/secretmanager.secretAccessor"
          },
          "sensitive_attributes": [],
          "identity_schema_version": 0,
          "private": "bnVsbA==",
          "dependencies": [
            "module.wif.google_service_account.github_actions"
          ]
        }
      ]
    },
    {
      "module": "module.wif",
      "mode": "managed",
      "type": "google_service_account",
      "name": "github_actions",
      "provider": "provider[\"registry.terraform.io/hashicorp/google\"]",
      "instances": [
        {
          "schema_version": 0,
          "attributes": {
            "account_id": "github-actions-sa",
            "create_ignore_already_exists": null,
            "description": "",
            "disabled": false,
            "display_name": "GitHub Actions Service Account",
            "email": "github-actions-sa@superwizor-ai-25ecd.iam.gserviceaccount.com",
            "id": "projects/superwizor-ai-25ecd/serviceAccounts/github-actions-sa@superwizor-ai-25ecd.iam.gserviceaccount.com",
            "member": "serviceAccount:github-actions-sa@superwizor-ai-25ecd.iam.gserviceaccount.com",
            "name": "projects/superwizor-ai-25ecd/serviceAccounts/github-actions-sa@superwizor-ai-25ecd.iam.gserviceaccount.com",
            "project": "superwizor-ai-25ecd",
            "timeouts": null,
            "unique_id": "100583684444329140314"
          },
          "sensitive_attributes": [],
          "identity_schema_version": 0,
          "private": "eyJlMmJmYjczMC1lY2FhLTExZTYtOGY4OC0zNDM2M2JjN2M0YzAiOnsiY3JlYXRlIjozMDAwMDAwMDAwMDB9LCJzY2hlbWFfdmVyc2lvbiI6IjAifQ=="
        }
      ]
    },
    {
      "module": "module.wif",
      "mode": "managed",
      "type": "google_service_account_iam_member",
      "name": "wif_sa_impersonation",
      "provider": "provider[\"registry.terraform.io/hashicorp/google\"]",
      "instances": [
        {
          "schema_version": 0,
          "attributes": {
            "condition": [],
            "etag": "BwZQ8utzJAs=",
            "id": "projects/superwizor-ai-25ecd/serviceAccounts/github-actions-sa@superwizor-ai-25ecd.iam.gserviceaccount.com/roles/iam.workloadIdentityUser/principalSet://iam.googleapis.com/projects/344724821207/locations/global/workloadIdentityPools/github-actions-pool/attribute.repository/baciok91/superwizor-backend",
            "member": "principalSet://iam.googleapis.com/projects/344724821207/locations/global/workloadIdentityPools/github-actions-pool/attribute.repository/baciok91/superwizor-backend",
            "role": "roles/iam.workloadIdentityUser",
            "service_account_id": "projects/superwizor-ai-25ecd/serviceAccounts/github-actions-sa@superwizor-ai-25ecd.iam.gserviceaccount.com"
          },
          "sensitive_attributes": [],
          "identity_schema_version": 0,
          "private": "bnVsbA==",
          "dependencies": [
            "module.wif.google_iam_workload_identity_pool.github_pool",
            "module.wif.google_service_account.github_actions"
          ]
        }
      ]
    }
  ],
  "check_results": null
}
